// !$*UTF8*$!
{
	archiveVersion = 1;
	classes = {
	};
	objectVersion = 50;
	objects = {

/* Begin PBXBuildFile section */
		EDF9E4A022E739D400888872 /* AppDelegate.swift in Sources */ = {isa = PBXBuildFile; fileRef = EDF9E49F22E739D400888872 /* AppDelegate.swift */; };
		EDF9E4A222E739D400888872 /* ViewController.swift in Sources */ = {isa = PBXBuildFile; fileRef = EDF9E4A122E739D400888872 /* ViewController.swift */; };
		EDF9E4A522E739D400888872 /* Main.storyboard in Resources */ = {isa = PBXBuildFile; fileRef = EDF9E4A322E739D400888872 /* Main.storyboard */; };
		EDF9E4A722E739D600888872 /* Assets.xcassets in Resources */ = {isa = PBXBuildFile; fileRef = EDF9E4A622E739D600888872 /* Assets.xcassets */; };
		EDF9E4AA22E739D600888872 /* LaunchScreen.storyboard in Resources */ = {isa = PBXBuildFile; fileRef = EDF9E4A822E739D600888872 /* LaunchScreen.storyboard */; };
		EDF9E4B522E739D600888872 /* WatchAppSampleTests.swift in Sources */ = {isa = PBXBuildFile; fileRef = EDF9E4B422E739D600888872 /* WatchAppSampleTests.swift */; };
		EDF9E4C022E739D600888872 /* WatchAppSampleUITests.swift in Sources */ = {isa = PBXBuildFile; fileRef = EDF9E4BF22E739D600888872 /* WatchAppSampleUITests.swift */; };
		EDF9E4C522E739D600888872 /* WatchAppSample WatchKit App.app in Embed Watch Content */ = {isa = PBXBuildFile; fileRef = EDF9E4C422E739D600888872 /* WatchAppSample WatchKit App.app */; };
		EDF9E4CB22E739D600888872 /* Interface.storyboard in Resources */ = {isa = PBXBuildFile; fileRef = EDF9E4C922E739D600888872 /* Interface.storyboard */; };
		EDF9E4CD22E739D600888872 /* Assets.xcassets in Resources */ = {isa = PBXBuildFile; fileRef = EDF9E4CC22E739D600888872 /* Assets.xcassets */; };
		EDF9E4D422E739D700888872 /* WatchAppSample WatchKit Extension.appex in Embed App Extensions */ = {isa = PBXBuildFile; fileRef = EDF9E4D322E739D700888872 /* WatchAppSample WatchKit Extension.appex */; settings = {ATTRIBUTES = (RemoveHeadersOnCopy, ); }; };
		EDF9E4D922E739D700888872 /* InterfaceController.swift in Sources */ = {isa = PBXBuildFile; fileRef = EDF9E4D822E739D700888872 /* InterfaceController.swift */; };
		EDF9E4DB22E739D700888872 /* ExtensionDelegate.swift in Sources */ = {isa = PBXBuildFile; fileRef = EDF9E4DA22E739D700888872 /* ExtensionDelegate.swift */; };
		EDF9E4DD22E739D700888872 /* NotificationController.swift in Sources */ = {isa = PBXBuildFile; fileRef = EDF9E4DC22E739D700888872 /* NotificationController.swift */; };
		EDF9E4DF22E739D700888872 /* ComplicationController.swift in Sources */ = {isa = PBXBuildFile; fileRef = EDF9E4DE22E739D700888872 /* ComplicationController.swift */; };
		EDF9E4E122E739D700888872 /* Assets.xcassets in Resources */ = {isa = PBXBuildFile; fileRef = EDF9E4E022E739D700888872 /* Assets.xcassets */; };
/* End PBXBuildFile section */

/* Begin PBXContainerItemProxy section */
		EDF9E4B122E739D600888872 /* PBXContainerItemProxy */ = {
			isa = PBXContainerItemProxy;
			containerPortal = EDF9E49422E739D400888872 /* Project object */;
			proxyType = 1;
			remoteGlobalIDString = EDF9E49B22E739D400888872;
			remoteInfo = WatchAppSample;
		};
		EDF9E4BC22E739D600888872 /* PBXContainerItemProxy */ = {
			isa = PBXContainerItemProxy;
			containerPortal = EDF9E49422E739D400888872 /* Project object */;
			proxyType = 1;
			remoteGlobalIDString = EDF9E49B22E739D400888872;
			remoteInfo = WatchAppSample;
		};
		EDF9E4C622E739D600888872 /* PBXContainerItemProxy */ = {
			isa = PBXContainerItemProxy;
			containerPortal = EDF9E49422E739D400888872 /* Project object */;
			proxyType = 1;
			remoteGlobalIDString = EDF9E4C322E739D600888872;
			remoteInfo = "WatchAppSample WatchKit App";
		};
		EDF9E4D522E739D700888872 /* PBXContainerItemProxy */ = {
			isa = PBXContainerItemProxy;
			containerPortal = EDF9E49422E739D400888872 /* Project object */;
			proxyType = 1;
			remoteGlobalIDString = EDF9E4D222E739D700888872;
			remoteInfo = "WatchAppSample WatchKit Extension";
		};
/* End PBXContainerItemProxy section */

/* Begin PBXCopyFilesBuildPhase section */
		EDF9E4E922E739D700888872 /* Embed App Extensions */ = {
			isa = PBXCopyFilesBuildPhase;
			buildActionMask = 2147483647;
			dstPath = "";
			dstSubfolderSpec = 13;
			files = (
				EDF9E4D422E739D700888872 /* WatchAppSample WatchKit Extension.appex in Embed App Extensions */,
			);
			name = "Embed App Extensions";
			runOnlyForDeploymentPostprocessing = 0;
		};
		EDF9E4ED22E739D700888872 /* Embed Watch Content */ = {
			isa = PBXCopyFilesBuildPhase;
			buildActionMask = 2147483647;
			dstPath = "$(CONTENTS_FOLDER_PATH)/Watch";
			dstSubfolderSpec = 16;
			files = (
				EDF9E4C522E739D600888872 /* WatchAppSample WatchKit App.app in Embed Watch Content */,
			);
			name = "Embed Watch Content";
			runOnlyForDeploymentPostprocessing = 0;
		};
/* End PBXCopyFilesBuildPhase section */

/* Begin PBXFileReference section */
		EDF9E49C22E739D400888872 /* WatchAppSample.app */ = {isa = PBXFileReference; explicitFileType = wrapper.application; includeInIndex = 0; path = WatchAppSample.app; sourceTree = BUILT_PRODUCTS_DIR; };
		EDF9E49F22E739D400888872 /* AppDelegate.swift */ = {isa = PBXFileReference; lastKnownFileType = sourcecode.swift; path = AppDelegate.swift; sourceTree = "<group>"; };
		EDF9E4A122E739D400888872 /* ViewController.swift */ = {isa = PBXFileReference; lastKnownFileType = sourcecode.swift; path = ViewController.swift; sourceTree = "<group>"; };
		EDF9E4A422E739D400888872 /* Base */ = {isa = PBXFileReference; lastKnownFileType = file.storyboard; name = Base; path = Base.lproj/Main.storyboard; sourceTree = "<group>"; };
		EDF9E4A622E739D600888872 /* Assets.xcassets */ = {isa = PBXFileReference; lastKnownFileType = folder.assetcatalog; path = Assets.xcassets; sourceTree = "<group>"; };
		EDF9E4A922E739D600888872 /* Base */ = {isa = PBXFileReference; lastKnownFileType = file.storyboard; name = Base; path = Base.lproj/LaunchScreen.storyboard; sourceTree = "<group>"; };
		EDF9E4AB22E739D600888872 /* Info.plist */ = {isa = PBXFileReference; lastKnownFileType = text.plist.xml; path = Info.plist; sourceTree = "<group>"; };
		EDF9E4B022E739D600888872 /* WatchAppSampleTests.xctest */ = {isa = PBXFileReference; explicitFileType = wrapper.cfbundle; includeInIndex = 0; path = WatchAppSampleTests.xctest; sourceTree = BUILT_PRODUCTS_DIR; };
		EDF9E4B422E739D600888872 /* WatchAppSampleTests.swift */ = {isa = PBXFileReference; lastKnownFileType = sourcecode.swift; path = WatchAppSampleTests.swift; sourceTree = "<group>"; };
		EDF9E4B622E739D600888872 /* Info.plist */ = {isa = PBXFileReference; lastKnownFileType = text.plist.xml; path = Info.plist; sourceTree = "<group>"; };
		EDF9E4BB22E739D600888872 /* WatchAppSampleUITests.xctest */ = {isa = PBXFileReference; explicitFileType = wrapper.cfbundle; includeInIndex = 0; path = WatchAppSampleUITests.xctest; sourceTree = BUILT_PRODUCTS_DIR; };
		EDF9E4BF22E739D600888872 /* WatchAppSampleUITests.swift */ = {isa = PBXFileReference; lastKnownFileType = sourcecode.swift; path = WatchAppSampleUITests.swift; sourceTree = "<group>"; };
		EDF9E4C122E739D600888872 /* Info.plist */ = {isa = PBXFileReference; lastKnownFileType = text.plist.xml; path = Info.plist; sourceTree = "<group>"; };
		EDF9E4C422E739D600888872 /* WatchAppSample WatchKit App.app */ = {isa = PBXFileReference; explicitFileType = wrapper.application; includeInIndex = 0; path = "WatchAppSample WatchKit App.app"; sourceTree = BUILT_PRODUCTS_DIR; };
		EDF9E4CA22E739D600888872 /* Base */ = {isa = PBXFileReference; lastKnownFileType = file.storyboard; name = Base; path = Base.lproj/Interface.storyboard; sourceTree = "<group>"; };
		EDF9E4CC22E739D600888872 /* Assets.xcassets */ = {isa = PBXFileReference; lastKnownFileType = folder.assetcatalog; path = Assets.xcassets; sourceTree = "<group>"; };
		EDF9E4CE22E739D700888872 /* Info.plist */ = {isa = PBXFileReference; lastKnownFileType = text.plist.xml; path = Info.plist; sourceTree = "<group>"; };
		EDF9E4D322E739D700888872 /* WatchAppSample WatchKit Extension.appex */ = {isa = PBXFileReference; explicitFileType = "wrapper.app-extension"; includeInIndex = 0; path = "WatchAppSample WatchKit Extension.appex"; sourceTree = BUILT_PRODUCTS_DIR; };
		EDF9E4D822E739D700888872 /* InterfaceController.swift */ = {isa = PBXFileReference; lastKnownFileType = sourcecode.swift; path = InterfaceController.swift; sourceTree = "<group>"; };
		EDF9E4DA22E739D700888872 /* ExtensionDelegate.swift */ = {isa = PBXFileReference; lastKnownFileType = sourcecode.swift; path = ExtensionDelegate.swift; sourceTree = "<group>"; };
		EDF9E4DC22E739D700888872 /* NotificationController.swift */ = {isa = PBXFileReference; lastKnownFileType = sourcecode.swift; path = NotificationController.swift; sourceTree = "<group>"; };
		EDF9E4DE22E739D700888872 /* ComplicationController.swift */ = {isa = PBXFileReference; lastKnownFileType = sourcecode.swift; path = ComplicationController.swift; sourceTree = "<group>"; };
		EDF9E4E022E739D700888872 /* Assets.xcassets */ = {isa = PBXFileReference; lastKnownFileType = folder.assetcatalog; path = Assets.xcassets; sourceTree = "<group>"; };
		EDF9E4E222E739D700888872 /* Info.plist */ = {isa = PBXFileReference; lastKnownFileType = text.plist.xml; path = Info.plist; sourceTree = "<group>"; };
		EDF9E4E322E739D700888872 /* PushNotificationPayload.apns */ = {isa = PBXFileReference; lastKnownFileType = text; path = PushNotificationPayload.apns; sourceTree = "<group>"; };
/* End PBXFileReference section */

/* Begin PBXFrameworksBuildPhase section */
		EDF9E49922E739D400888872 /* Frameworks */ = {
			isa = PBXFrameworksBuildPhase;
			buildActionMask = 2147483647;
			files = (
			);
			runOnlyForDeploymentPostprocessing = 0;
		};
		EDF9E4AD22E739D600888872 /* Frameworks */ = {
			isa = PBXFrameworksBuildPhase;
			buildActionMask = 2147483647;
			files = (
			);
			runOnlyForDeploymentPostprocessing = 0;
		};
		EDF9E4B822E739D600888872 /* Frameworks */ = {
			isa = PBXFrameworksBuildPhase;
			buildActionMask = 2147483647;
			files = (
			);
			runOnlyForDeploymentPostprocessing = 0;
		};
		EDF9E4D022E739D700888872 /* Frameworks */ = {
			isa = PBXFrameworksBuildPhase;
			buildActionMask = 2147483647;
			files = (
			);
			runOnlyForDeploymentPostprocessing = 0;
		};
/* End PBXFrameworksBuildPhase section */

/* Begin PBXGroup section */
		EDF9E49322E739D400888872 = {
			isa = PBXGroup;
			children = (
				EDF9E49E22E739D400888872 /* WatchAppSample */,
				EDF9E4B322E739D600888872 /* WatchAppSampleTests */,
				EDF9E4BE22E739D600888872 /* WatchAppSampleUITests */,
				EDF9E4C822E739D600888872 /* WatchAppSample WatchKit App */,
				EDF9E4D722E739D700888872 /* WatchAppSample WatchKit Extension */,
				EDF9E49D22E739D400888872 /* Products */,
			);
			sourceTree = "<group>";
		};
		EDF9E49D22E739D400888872 /* Products */ = {
			isa = PBXGroup;
			children = (
				EDF9E49C22E739D400888872 /* WatchAppSample.app */,
				EDF9E4B022E739D600888872 /* WatchAppSampleTests.xctest */,
				EDF9E4BB22E739D600888872 /* WatchAppSampleUITests.xctest */,
				EDF9E4C422E739D600888872 /* WatchAppSample WatchKit App.app */,
				EDF9E4D322E739D700888872 /* WatchAppSample WatchKit Extension.appex */,
			);
			name = Products;
			sourceTree = "<group>";
		};
		EDF9E49E22E739D400888872 /* WatchAppSample */ = {
			isa = PBXGroup;
			children = (
				EDF9E49F22E739D400888872 /* AppDelegate.swift */,
				EDF9E4A122E739D400888872 /* ViewController.swift */,
				EDF9E4A322E739D400888872 /* Main.storyboard */,
				EDF9E4A622E739D600888872 /* Assets.xcassets */,
				EDF9E4A822E739D600888872 /* LaunchScreen.storyboard */,
				EDF9E4AB22E739D600888872 /* Info.plist */,
			);
			path = WatchAppSample;
			sourceTree = "<group>";
		};
		EDF9E4B322E739D600888872 /* WatchAppSampleTests */ = {
			isa = PBXGroup;
			children = (
				EDF9E4B422E739D600888872 /* WatchAppSampleTests.swift */,
				EDF9E4B622E739D600888872 /* Info.plist */,
			);
			path = WatchAppSampleTests;
			sourceTree = "<group>";
		};
		EDF9E4BE22E739D600888872 /* WatchAppSampleUITests */ = {
			isa = PBXGroup;
			children = (
				EDF9E4BF22E739D600888872 /* WatchAppSampleUITests.swift */,
				EDF9E4C122E739D600888872 /* Info.plist */,
			);
			path = WatchAppSampleUITests;
			sourceTree = "<group>";
		};
		EDF9E4C822E739D600888872 /* WatchAppSample WatchKit App */ = {
			isa = PBXGroup;
			children = (
				EDF9E4C922E739D600888872 /* Interface.storyboard */,
				EDF9E4CC22E739D600888872 /* Assets.xcassets */,
				EDF9E4CE22E739D700888872 /* Info.plist */,
			);
			path = "WatchAppSample WatchKit App";
			sourceTree = "<group>";
		};
		EDF9E4D722E739D700888872 /* WatchAppSample WatchKit Extension */ = {
			isa = PBXGroup;
			children = (
				EDF9E4D822E739D700888872 /* InterfaceController.swift */,
				EDF9E4DA22E739D700888872 /* ExtensionDelegate.swift */,
				EDF9E4DC22E739D700888872 /* NotificationController.swift */,
				EDF9E4DE22E739D700888872 /* ComplicationController.swift */,
				EDF9E4E022E739D700888872 /* Assets.xcassets */,
				EDF9E4E222E739D700888872 /* Info.plist */,
				EDF9E4E322E739D700888872 /* PushNotificationPayload.apns */,
			);
			path = "WatchAppSample WatchKit Extension";
			sourceTree = "<group>";
		};
/* End PBXGroup section */

/* Begin PBXNativeTarget section */
		EDF9E49B22E739D400888872 /* WatchAppSample */ = {
			isa = PBXNativeTarget;
			buildConfigurationList = EDF9E4EE22E739D700888872 /* Build configuration list for PBXNativeTarget "WatchAppSample" */;
			buildPhases = (
				EDF9E49822E739D400888872 /* Sources */,
				EDF9E49922E739D400888872 /* Frameworks */,
				EDF9E49A22E739D400888872 /* Resources */,
				EDF9E4ED22E739D700888872 /* Embed Watch Content */,
			);
			buildRules = (
			);
			dependencies = (
				EDF9E4C722E739D600888872 /* PBXTargetDependency */,
			);
			name = WatchAppSample;
			productName = WatchAppSample;
			productReference = EDF9E49C22E739D400888872 /* WatchAppSample.app */;
			productType = "com.apple.product-type.application";
		};
		EDF9E4AF22E739D600888872 /* WatchAppSampleTests */ = {
			isa = PBXNativeTarget;
			buildConfigurationList = EDF9E4F122E739D700888872 /* Build configuration list for PBXNativeTarget "WatchAppSampleTests" */;
			buildPhases = (
				EDF9E4AC22E739D600888872 /* Sources */,
				EDF9E4AD22E739D600888872 /* Frameworks */,
				EDF9E4AE22E739D600888872 /* Resources */,
			);
			buildRules = (
			);
			dependencies = (
				EDF9E4B222E739D600888872 /* PBXTargetDependency */,
			);
			name = WatchAppSampleTests;
			productName = WatchAppSampleTests;
			productReference = EDF9E4B022E739D600888872 /* WatchAppSampleTests.xctest */;
			productType = "com.apple.product-type.bundle.unit-test";
		};
		EDF9E4BA22E739D600888872 /* WatchAppSampleUITests */ = {
			isa = PBXNativeTarget;
			buildConfigurationList = EDF9E4F422E739D700888872 /* Build configuration list for PBXNativeTarget "WatchAppSampleUITests" */;
			buildPhases = (
				EDF9E4B722E739D600888872 /* Sources */,
				EDF9E4B822E739D600888872 /* Frameworks */,
				EDF9E4B922E739D600888872 /* Resources */,
			);
			buildRules = (
			);
			dependencies = (
				EDF9E4BD22E739D600888872 /* PBXTargetDependency */,
			);
			name = WatchAppSampleUITests;
			productName = WatchAppSampleUITests;
			productReference = EDF9E4BB22E739D600888872 /* WatchAppSampleUITests.xctest */;
			productType = "com.apple.product-type.bundle.ui-testing";
		};
		EDF9E4C322E739D600888872 /* WatchAppSample WatchKit App */ = {
			isa = PBXNativeTarget;
			buildConfigurationList = EDF9E4EA22E739D700888872 /* Build configuration list for PBXNativeTarget "WatchAppSample WatchKit App" */;
			buildPhases = (
				EDF9E4C222E739D600888872 /* Resources */,
				EDF9E4E922E739D700888872 /* Embed App Extensions */,
			);
			buildRules = (
			);
			dependencies = (
				EDF9E4D622E739D700888872 /* PBXTargetDependency */,
			);
			name = "WatchAppSample WatchKit App";
			productName = "WatchAppSample WatchKit App";
			productReference = EDF9E4C422E739D600888872 /* WatchAppSample WatchKit App.app */;
			productType = "com.apple.product-type.application.watchapp2";
		};
		EDF9E4D222E739D700888872 /* WatchAppSample WatchKit Extension */ = {
			isa = PBXNativeTarget;
			buildConfigurationList = EDF9E4E622E739D700888872 /* Build configuration list for PBXNativeTarget "WatchAppSample WatchKit Extension" */;
			buildPhases = (
				EDF9E4CF22E739D700888872 /* Sources */,
				EDF9E4D022E739D700888872 /* Frameworks */,
				EDF9E4D122E739D700888872 /* Resources */,
			);
			buildRules = (
			);
			dependencies = (
			);
			name = "WatchAppSample WatchKit Extension";
			productName = "WatchAppSample WatchKit Extension";
			productReference = EDF9E4D322E739D700888872 /* WatchAppSample WatchKit Extension.appex */;
			productType = "com.apple.product-type.watchkit2-extension";
		};
/* End PBXNativeTarget section */

/* Begin PBXProject section */
		EDF9E49422E739D400888872 /* Project object */ = {
			isa = PBXProject;
			attributes = {
				LastSwiftUpdateCheck = 1030;
				LastUpgradeCheck = 1030;
				ORGANIZATIONNAME = "Satoshi Kobayashi";
				TargetAttributes = {
					EDF9E49B22E739D400888872 = {
						CreatedOnToolsVersion = 10.3;
					};
					EDF9E4AF22E739D600888872 = {
						CreatedOnToolsVersion = 10.3;
						TestTargetID = EDF9E49B22E739D400888872;
					};
					EDF9E4BA22E739D600888872 = {
						CreatedOnToolsVersion = 10.3;
						TestTargetID = EDF9E49B22E739D400888872;
					};
					EDF9E4C322E739D600888872 = {
						CreatedOnToolsVersion = 10.3;
					};
					EDF9E4D222E739D700888872 = {
						CreatedOnToolsVersion = 10.3;
					};
				};
			};
			buildConfigurationList = EDF9E49722E739D400888872 /* Build configuration list for PBXProject "WatchAppSample" */;
			compatibilityVersion = "Xcode 9.3";
			developmentRegion = en;
			hasScannedForEncodings = 0;
			knownRegions = (
				en,
				Base,
			);
			mainGroup = EDF9E49322E739D400888872;
			productRefGroup = EDF9E49D22E739D400888872 /* Products */;
			projectDirPath = "";
			projectRoot = "";
			targets = (
				EDF9E49B22E739D400888872 /* WatchAppSample */,
				EDF9E4AF22E739D600888872 /* WatchAppSampleTests */,
				EDF9E4BA22E739D600888872 /* WatchAppSampleUITests */,
				EDF9E4C322E739D600888872 /* WatchAppSample WatchKit App */,
				EDF9E4D222E739D700888872 /* WatchAppSample WatchKit Extension */,
			);
		};
/* End PBXProject section */

/* Begin PBXResourcesBuildPhase section */
		EDF9E49A22E739D400888872 /* Resources */ = {
			isa = PBXResourcesBuildPhase;
			buildActionMask = 2147483647;
			files = (
				EDF9E4AA22E739D600888872 /* LaunchScreen.storyboard in Resources */,
				EDF9E4A722E739D600888872 /* Assets.xcassets in Resources */,
				EDF9E4A522E739D400888872 /* Main.storyboard in Resources */,
			);
			runOnlyForDeploymentPostprocessing = 0;
		};
		EDF9E4AE22E739D600888872 /* Resources */ = {
			isa = PBXResourcesBuildPhase;
			buildActionMask = 2147483647;
			files = (
			);
			runOnlyForDeploymentPostprocessing = 0;
		};
		EDF9E4B922E739D600888872 /* Resources */ = {
			isa = PBXResourcesBuildPhase;
			buildActionMask = 2147483647;
			files = (
			);
			runOnlyForDeploymentPostprocessing = 0;
		};
		EDF9E4C222E739D600888872 /* Resources */ = {
			isa = PBXResourcesBuildPhase;
			buildActionMask = 2147483647;
			files = (
				EDF9E4CD22E739D600888872 /* Assets.xcassets in Resources */,
				EDF9E4CB22E739D600888872 /* Interface.storyboard in Resources */,
			);
			runOnlyForDeploymentPostprocessing = 0;
		};
		EDF9E4D122E739D700888872 /* Resources */ = {
			isa = PBXResourcesBuildPhase;
			buildActionMask = 2147483647;
			files = (
				EDF9E4E122E739D700888872 /* Assets.xcassets in Resources */,
			);
			runOnlyForDeploymentPostprocessing = 0;
		};
/* End PBXResourcesBuildPhase section */

/* Begin PBXSourcesBuildPhase section */
		EDF9E49822E739D400888872 /* Sources */ = {
			isa = PBXSourcesBuildPhase;
			buildActionMask = 2147483647;
			files = (
				EDF9E4A222E739D400888872 /* ViewController.swift in Sources */,
				EDF9E4A022E739D400888872 /* AppDelegate.swift in Sources */,
			);
			runOnlyForDeploymentPostprocessing = 0;
		};
		EDF9E4AC22E739D600888872 /* Sources */ = {
			isa = PBXSourcesBuildPhase;
			buildActionMask = 2147483647;
			files = (
				EDF9E4B522E739D600888872 /* WatchAppSampleTests.swift in Sources */,
			);
			runOnlyForDeploymentPostprocessing = 0;
		};
		EDF9E4B722E739D600888872 /* Sources */ = {
			isa = PBXSourcesBuildPhase;
			buildActionMask = 2147483647;
			files = (
				EDF9E4C022E739D600888872 /* WatchAppSampleUITests.swift in Sources */,
			);
			runOnlyForDeploymentPostprocessing = 0;
		};
		EDF9E4CF22E739D700888872 /* Sources */ = {
			isa = PBXSourcesBuildPhase;
			buildActionMask = 2147483647;
			files = (
				EDF9E4DD22E739D700888872 /* NotificationController.swift in Sources */,
				EDF9E4DF22E739D700888872 /* ComplicationController.swift in Sources */,
				EDF9E4DB22E739D700888872 /* ExtensionDelegate.swift in Sources */,
				EDF9E4D922E739D700888872 /* InterfaceController.swift in Sources */,
			);
			runOnlyForDeploymentPostprocessing = 0;
		};
/* End PBXSourcesBuildPhase section */

/* Begin PBXTargetDependency section */
		EDF9E4B222E739D600888872 /* PBXTargetDependency */ = {
			isa = PBXTargetDependency;
			target = EDF9E49B22E739D400888872 /* WatchAppSample */;
			targetProxy = EDF9E4B122E739D600888872 /* PBXContainerItemProxy */;
		};
		EDF9E4BD22E739D600888872 /* PBXTargetDependency */ = {
			isa = PBXTargetDependency;
			target = EDF9E49B22E739D400888872 /* WatchAppSample */;
			targetProxy = EDF9E4BC22E739D600888872 /* PBXContainerItemProxy */;
		};
		EDF9E4C722E739D600888872 /* PBXTargetDependency */ = {
			isa = PBXTargetDependency;
			target = EDF9E4C322E739D600888872 /* WatchAppSample WatchKit App */;
			targetProxy = EDF9E4C622E739D600888872 /* PBXContainerItemProxy */;
		};
		EDF9E4D622E739D700888872 /* PBXTargetDependency */ = {
			isa = PBXTargetDependency;
			target = EDF9E4D222E739D700888872 /* WatchAppSample WatchKit Extension */;
			targetProxy = EDF9E4D522E739D700888872 /* PBXContainerItemProxy */;
		};
/* End PBXTargetDependency section */

/* Begin PBXVariantGroup section */
		EDF9E4A322E739D400888872 /* Main.storyboard */ = {
			isa = PBXVariantGroup;
			children = (
				EDF9E4A422E739D400888872 /* Base */,
			);
			name = Main.storyboard;
			sourceTree = "<group>";
		};
		EDF9E4A822E739D600888872 /* LaunchScreen.storyboard */ = {
			isa = PBXVariantGroup;
			children = (
				EDF9E4A922E739D600888872 /* Base */,
			);
			name = LaunchScreen.storyboard;
			sourceTree = "<group>";
		};
		EDF9E4C922E739D600888872 /* Interface.storyboard */ = {
			isa = PBXVariantGroup;
			children = (
				EDF9E4CA22E739D600888872 /* Base */,
			);
			name = Interface.storyboard;
			sourceTree = "<group>";
		};
/* End PBXVariantGroup section */

/* Begin XCBuildConfiguration section */
		EDF9E4E422E739D700888872 /* Debug */ = {
			isa = XCBuildConfiguration;
			buildSettings = {
				ALWAYS_SEARCH_USER_PATHS = NO;
				CLANG_ANALYZER_NONNULL = YES;
				CLANG_ANALYZER_NUMBER_OBJECT_CONVERSION = YES_AGGRESSIVE;
				CLANG_CXX_LANGUAGE_STANDARD = "gnu++14";
				CLANG_CXX_LIBRARY = "libc++";
				CLANG_ENABLE_MODULES = YES;
				CLANG_ENABLE_OBJC_ARC = YES;
				CLANG_ENABLE_OBJC_WEAK = YES;
				CLANG_WARN_BLOCK_CAPTURE_AUTORELEASING = YES;
				CLANG_WARN_BOOL_CONVERSION = YES;
				CLANG_WARN_COMMA = YES;
				CLANG_WARN_CONSTANT_CONVERSION = YES;
				CLANG_WARN_DEPRECATED_OBJC_IMPLEMENTATIONS = YES;
				CLANG_WARN_DIRECT_OBJC_ISA_USAGE = YES_ERROR;
				CLANG_WARN_DOCUMENTATION_COMMENTS = YES;
				CLANG_WARN_EMPTY_BODY = YES;
				CLANG_WARN_ENUM_CONVERSION = YES;
				CLANG_WARN_INFINITE_RECURSION = YES;
				CLANG_WARN_INT_CONVERSION = YES;
				CLANG_WARN_NON_LITERAL_NULL_CONVERSION = YES;
				CLANG_WARN_OBJC_IMPLICIT_RETAIN_SELF = YES;
				CLANG_WARN_OBJC_LITERAL_CONVERSION = YES;
				CLANG_WARN_OBJC_ROOT_CLASS = YES_ERROR;
				CLANG_WARN_RANGE_LOOP_ANALYSIS = YES;
				CLANG_WARN_STRICT_PROTOTYPES = YES;
				CLANG_WARN_SUSPICIOUS_MOVE = YES;
				CLANG_WARN_UNGUARDED_AVAILABILITY = YES_AGGRESSIVE;
				CLANG_WARN_UNREACHABLE_CODE = YES;
				CLANG_WARN__DUPLICATE_METHOD_MATCH = YES;
				CODE_SIGN_IDENTITY = "iPhone Developer";
				COPY_PHASE_STRIP = NO;
				DEBUG_INFORMATION_FORMAT = dwarf;
				ENABLE_STRICT_OBJC_MSGSEND = YES;
				ENABLE_TESTABILITY = YES;
				GCC_C_LANGUAGE_STANDARD = gnu11;
				GCC_DYNAMIC_NO_PIC = NO;
				GCC_NO_COMMON_BLOCKS = YES;
				GCC_OPTIMIZATION_LEVEL = 0;
				GCC_PREPROCESSOR_DEFINITIONS = (
					"DEBUG=1",
					"$(inherited)",
				);
				GCC_WARN_64_TO_32_BIT_CONVERSION = YES;
				GCC_WARN_ABOUT_RETURN_TYPE = YES_ERROR;
				GCC_WARN_UNDECLARED_SELECTOR = YES;
				GCC_WARN_UNINITIALIZED_AUTOS = YES_AGGRESSIVE;
				GCC_WARN_UNUSED_FUNCTION = YES;
				GCC_WARN_UNUSED_VARIABLE = YES;
				IPHONEOS_DEPLOYMENT_TARGET = 12.4;
				MTL_ENABLE_DEBUG_INFO = INCLUDE_SOURCE;
				MTL_FAST_MATH = YES;
				ONLY_ACTIVE_ARCH = YES;
				SDKROOT = iphoneos;
				SWIFT_ACTIVE_COMPILATION_CONDITIONS = DEBUG;
				SWIFT_OPTIMIZATION_LEVEL = "-Onone";
			};
			name = Debug;
		};
		EDF9E4E522E739D700888872 /* Release */ = {
			isa = XCBuildConfiguration;
			buildSettings = {
				ALWAYS_SEARCH_USER_PATHS = NO;
				CLANG_ANALYZER_NONNULL = YES;
				CLANG_ANALYZER_NUMBER_OBJECT_CONVERSION = YES_AGGRESSIVE;
				CLANG_CXX_LANGUAGE_STANDARD = "gnu++14";
				CLANG_CXX_LIBRARY = "libc++";
				CLANG_ENABLE_MODULES = YES;
				CLANG_ENABLE_OBJC_ARC = YES;
				CLANG_ENABLE_OBJC_WEAK = YES;
				CLANG_WARN_BLOCK_CAPTURE_AUTORELEASING = YES;
				CLANG_WARN_BOOL_CONVERSION = YES;
				CLANG_WARN_COMMA = YES;
				CLANG_WARN_CONSTANT_CONVERSION = YES;
				CLANG_WARN_DEPRECATED_OBJC_IMPLEMENTATIONS = YES;
				CLANG_WARN_DIRECT_OBJC_ISA_USAGE = YES_ERROR;
				CLANG_WARN_DOCUMENTATION_COMMENTS = YES;
				CLANG_WARN_EMPTY_BODY = YES;
				CLANG_WARN_ENUM_CONVERSION = YES;
				CLANG_WARN_INFINITE_RECURSION = YES;
				CLANG_WARN_INT_CONVERSION = YES;
				CLANG_WARN_NON_LITERAL_NULL_CONVERSION = YES;
				CLANG_WARN_OBJC_IMPLICIT_RETAIN_SELF = YES;
				CLANG_WARN_OBJC_LITERAL_CONVERSION = YES;
				CLANG_WARN_OBJC_ROOT_CLASS = YES_ERROR;
				CLANG_WARN_RANGE_LOOP_ANALYSIS = YES;
				CLANG_WARN_STRICT_PROTOTYPES = YES;
				CLANG_WARN_SUSPICIOUS_MOVE = YES;
				CLANG_WARN_UNGUARDED_AVAILABILITY = YES_AGGRESSIVE;
				CLANG_WARN_UNREACHABLE_CODE = YES;
				CLANG_WARN__DUPLICATE_METHOD_MATCH = YES;
				CODE_SIGN_IDENTITY = "iPhone Developer";
				COPY_PHASE_STRIP = NO;
				DEBUG_INFORMATION_FORMAT = "dwarf-with-dsym";
				ENABLE_NS_ASSERTIONS = NO;
				ENABLE_STRICT_OBJC_MSGSEND = YES;
				GCC_C_LANGUAGE_STANDARD = gnu11;
				GCC_NO_COMMON_BLOCKS = YES;
				GCC_WARN_64_TO_32_BIT_CONVERSION = YES;
				GCC_WARN_ABOUT_RETURN_TYPE = YES_ERROR;
				GCC_WARN_UNDECLARED_SELECTOR = YES;
				GCC_WARN_UNINITIALIZED_AUTOS = YES_AGGRESSIVE;
				GCC_WARN_UNUSED_FUNCTION = YES;
				GCC_WARN_UNUSED_VARIABLE = YES;
				IPHONEOS_DEPLOYMENT_TARGET = 12.4;
				MTL_ENABLE_DEBUG_INFO = NO;
				MTL_FAST_MATH = YES;
				SDKROOT = iphoneos;
				SWIFT_COMPILATION_MODE = wholemodule;
				SWIFT_OPTIMIZATION_LEVEL = "-O";
				VALIDATE_PRODUCT = YES;
			};
			name = Release;
		};
		EDF9E4E722E739D700888872 /* Debug */ = {
			isa = XCBuildConfiguration;
			buildSettings = {
				ASSETCATALOG_COMPILER_COMPLICATION_NAME = Complication;
				CODE_SIGN_STYLE = Automatic;
				INFOPLIST_FILE = "WatchAppSample WatchKit Extension/Info.plist";
				LD_RUNPATH_SEARCH_PATHS = (
					"$(inherited)",
					"@executable_path/Frameworks",
					"@executable_path/../../Frameworks",
				);
				PRODUCT_BUNDLE_IDENTIFIER = info.gucchi.WatchAppSample.watchkitapp.watchkitextension;
				PRODUCT_NAME = "${TARGET_NAME}";
				SDKROOT = watchos;
				SKIP_INSTALL = YES;
				SWIFT_VERSION = 5.0;
				TARGETED_DEVICE_FAMILY = 4;
				WATCHOS_DEPLOYMENT_TARGET = 5.3;
			};
			name = Debug;
		};
		EDF9E4E822E739D700888872 /* Release */ = {
			isa = XCBuildConfiguration;
			buildSettings = {
				ASSETCATALOG_COMPILER_COMPLICATION_NAME = Complication;
				CODE_SIGN_STYLE = Automatic;
				INFOPLIST_FILE = "WatchAppSample WatchKit Extension/Info.plist";
				LD_RUNPATH_SEARCH_PATHS = (
					"$(inherited)",
					"@executable_path/Frameworks",
					"@executable_path/../../Frameworks",
				);
				PRODUCT_BUNDLE_IDENTIFIER = info.gucchi.WatchAppSample.watchkitapp.watchkitextension;
				PRODUCT_NAME = "${TARGET_NAME}";
				SDKROOT = watchos;
				SKIP_INSTALL = YES;
				SWIFT_VERSION = 5.0;
				TARGETED_DEVICE_FAMILY = 4;
				WATCHOS_DEPLOYMENT_TARGET = 5.3;
			};
			name = Release;
		};
		EDF9E4EB22E739D700888872 /* Debug */ = {
			isa = XCBuildConfiguration;
			buildSettings = {
				ALWAYS_EMBED_SWIFT_STANDARD_LIBRARIES = YES;
				ASSETCATALOG_COMPILER_APPICON_NAME = AppIcon;
				CODE_SIGN_STYLE = Automatic;
				IBSC_MODULE = WatchAppSample_WatchKit_Extension;
				INFOPLIST_FILE = "WatchAppSample WatchKit App/Info.plist";
				PRODUCT_BUNDLE_IDENTIFIER = info.gucchi.WatchAppSample.watchkitapp;
				PRODUCT_NAME = "$(TARGET_NAME)";
				SDKROOT = watchos;
				SKIP_INSTALL = YES;
				SWIFT_VERSION = 5.0;
				TARGETED_DEVICE_FAMILY = 4;
				WATCHOS_DEPLOYMENT_TARGET = 5.3;
			};
			name = Debug;
		};
		EDF9E4EC22E739D700888872 /* Release */ = {
			isa = XCBuildConfiguration;
			buildSettings = {
				ALWAYS_EMBED_SWIFT_STANDARD_LIBRARIES = YES;
				ASSETCATALOG_COMPILER_APPICON_NAME = AppIcon;
				CODE_SIGN_STYLE = Automatic;
				IBSC_MODULE = WatchAppSample_WatchKit_Extension;
				INFOPLIST_FILE = "WatchAppSample WatchKit App/Info.plist";
				PRODUCT_BUNDLE_IDENTIFIER = info.gucchi.WatchAppSample.watchkitapp;
				PRODUCT_NAME = "$(TARGET_NAME)";
				SDKROOT = watchos;
				SKIP_INSTALL = YES;
				SWIFT_VERSION = 5.0;
				TARGETED_DEVICE_FAMILY = 4;
				WATCHOS_DEPLOYMENT_TARGET = 5.3;
			};
			name = Release;
		};
		EDF9E4EF22E739D700888872 /* Debug */ = {
			isa = XCBuildConfiguration;
			buildSettings = {
				ASSETCATALOG_COMPILER_APPICON_NAME = AppIcon;
				CODE_SIGN_STYLE = Automatic;
				INFOPLIST_FILE = WatchAppSample/Info.plist;
				LD_RUNPATH_SEARCH_PATHS = (
					"$(inherited)",
					"@executable_path/Frameworks",
				);
				PRODUCT_BUNDLE_IDENTIFIER = info.gucchi.WatchAppSample;
				PRODUCT_NAME = "$(TARGET_NAME)";
				SWIFT_VERSION = 5.0;
				TARGETED_DEVICE_FAMILY = "1,2";
			};
			name = Debug;
		};
		EDF9E4F022E739D700888872 /* Release */ = {
			isa = XCBuildConfiguration;
			buildSettings = {
				ASSETCATALOG_COMPILER_APPICON_NAME = AppIcon;
				CODE_SIGN_STYLE = Automatic;
				INFOPLIST_FILE = WatchAppSample/Info.plist;
				LD_RUNPATH_SEARCH_PATHS = (
					"$(inherited)",
					"@executable_path/Frameworks",
				);
				PRODUCT_BUNDLE_IDENTIFIER = info.gucchi.WatchAppSample;
				PRODUCT_NAME = "$(TARGET_NAME)";
				SWIFT_VERSION = 5.0;
				TARGETED_DEVICE_FAMILY = "1,2";
			};
			name = Release;
		};
		EDF9E4F222E739D700888872 /* Debug */ = {
			isa = XCBuildConfiguration;
			buildSettings = {
				ALWAYS_EMBED_SWIFT_STANDARD_LIBRARIES = YES;
				BUNDLE_LOADER = "$(TEST_HOST)";
				CODE_SIGN_STYLE = Automatic;
				INFOPLIST_FILE = WatchAppSampleTests/Info.plist;
				LD_RUNPATH_SEARCH_PATHS = (
					"$(inherited)",
					"@executable_path/Frameworks",
					"@loader_path/Frameworks",
				);
				PRODUCT_BUNDLE_IDENTIFIER = info.gucchi.WatchAppSampleTests;
				PRODUCT_NAME = "$(TARGET_NAME)";
				SWIFT_VERSION = 5.0;
				TARGETED_DEVICE_FAMILY = "1,2";
				TEST_HOST = "$(BUILT_PRODUCTS_DIR)/WatchAppSample.app/WatchAppSample";
			};
			name = Debug;
		};
		EDF9E4F322E739D700888872 /* Release */ = {
			isa = XCBuildConfiguration;
			buildSettings = {
				ALWAYS_EMBED_SWIFT_STANDARD_LIBRARIES = YES;
				BUNDLE_LOADER = "$(TEST_HOST)";
				CODE_SIGN_STYLE = Automatic;
				INFOPLIST_FILE = WatchAppSampleTests/Info.plist;
				LD_RUNPATH_SEARCH_PATHS = (
					"$(inherited)",
					"@executable_path/Frameworks",
					"@loader_path/Frameworks",
				);
				PRODUCT_BUNDLE_IDENTIFIER = info.gucchi.WatchAppSampleTests;
				PRODUCT_NAME = "$(TARGET_NAME)";
				SWIFT_VERSION = 5.0;
				TARGETED_DEVICE_FAMILY = "1,2";
				TEST_HOST = "$(BUILT_PRODUCTS_DIR)/WatchAppSample.app/WatchAppSample";
			};
			name = Release;
		};
		EDF9E4F522E739D700888872 /* Debug */ = {
			isa = XCBuildConfiguration;
			buildSettings = {
				ALWAYS_EMBED_SWIFT_STANDARD_LIBRARIES = YES;
				CODE_SIGN_STYLE = Automatic;
				INFOPLIST_FILE = WatchAppSampleUITests/Info.plist;
				LD_RUNPATH_SEARCH_PATHS = (
					"$(inherited)",
					"@executable_path/Frameworks",
					"@loader_path/Frameworks",
				);
				PRODUCT_BUNDLE_IDENTIFIER = info.gucchi.WatchAppSampleUITests;
				PRODUCT_NAME = "$(TARGET_NAME)";
				SWIFT_VERSION = 5.0;
				TARGETED_DEVICE_FAMILY = "1,2";
				TEST_TARGET_NAME = WatchAppSample;
			};
			name = Debug;
		};
		EDF9E4F622E739D700888872 /* Release */ = {
			isa = XCBuildConfiguration;
			buildSettings = {
				ALWAYS_EMBED_SWIFT_STANDARD_LIBRARIES = YES;
				CODE_SIGN_STYLE = Automatic;
				INFOPLIST_FILE = WatchAppSampleUITests/Info.plist;
				LD_RUNPATH_SEARCH_PATHS = (
					"$(inherited)",
					"@executable_path/Frameworks",
					"@loader_path/Frameworks",
				);
				PRODUCT_BUNDLE_IDENTIFIER = info.gucchi.WatchAppSampleUITests;
				PRODUCT_NAME = "$(TARGET_NAME)";
				SWIFT_VERSION = 5.0;
				TARGETED_DEVICE_FAMILY = "1,2";
				TEST_TARGET_NAME = WatchAppSample;
			};
			name = Release;
		};
/* End XCBuildConfiguration section */

/* Begin XCConfigurationList section */
		EDF9E49722E739D400888872 /* Build configuration list for PBXProject "WatchAppSample" */ = {
			isa = XCConfigurationList;
			buildConfigurations = (
				EDF9E4E422E739D700888872 /* Debug */,
				EDF9E4E522E739D700888872 /* Release */,
			);
			defaultConfigurationIsVisible = 0;
			defaultConfigurationName = Release;
		};
		EDF9E4E622E739D700888872 /* Build configuration list for PBXNativeTarget "WatchAppSample WatchKit Extension" */ = {
			isa = XCConfigurationList;
			buildConfigurations = (
				EDF9E4E722E739D700888872 /* Debug */,
				EDF9E4E822E739D700888872 /* Release */,
			);
			defaultConfigurationIsVisible = 0;
			defaultConfigurationName = Release;
		};
		EDF9E4EA22E739D700888872 /* Build configuration list for PBXNativeTarget "WatchAppSample WatchKit App" */ = {
			isa = XCConfigurationList;
			buildConfigurations = (
				EDF9E4EB22E739D700888872 /* Debug */,
				EDF9E4EC22E739D700888872 /* Release */,
			);
			defaultConfigurationIsVisible = 0;
			defaultConfigurationName = Release;
		};
		EDF9E4EE22E739D700888872 /* Build configuration list for PBXNativeTarget "WatchAppSample" */ = {
			isa = XCConfigurationList;
			buildConfigurations = (
				EDF9E4EF22E739D700888872 /* Debug */,
				EDF9E4F022E739D700888872 /* Release */,
			);
			defaultConfigurationIsVisible = 0;
			defaultConfigurationName = Release;
		};
		EDF9E4F122E739D700888872 /* Build configuration list for PBXNativeTarget "WatchAppSampleTests" */ = {
			isa = XCConfigurationList;
			buildConfigurations = (
				EDF9E4F222E739D700888872 /* Debug */,
				EDF9E4F322E739D700888872 /* Release */,
			);
			defaultConfigurationIsVisible = 0;
			defaultConfigurationName = Release;
		};
		EDF9E4F422E739D700888872 /* Build configuration list for PBXNativeTarget "WatchAppSampleUITests" */ = {
			isa = XCConfigurationList;
			buildConfigurations = (
				EDF9E4F522E739D700888872 /* Debug */,
				EDF9E4F622E739D700888872 /* Release */,
			);
			defaultConfigurationIsVisible = 0;
			defaultConfigurationName = Release;
		};
/* End XCConfigurationList section */
	};
	rootObject = EDF9E49422E739D400888872 /* Project object */;
}
